// !$*UTF8*$!
{
	archiveVersion = 1;
	classes = {
	};
	objectVersion = 55;
	objects = {

/* Begin PBXBuildFile section */
		A20CE3F42823C343001071E3 /* GamesListScene in Frameworks */ = {isa = PBXBuildFile; productRef = A20CE3F32823C343001071E3 /* GamesListScene */; };
		A20CE3F62823C343001071E3 /* GamesRepository in Frameworks */ = {isa = PBXBuildFile; productRef = A20CE3F52823C343001071E3 /* GamesRepository */; };
		A20CE3F82823C343001071E3 /* GetGamesUseCase in Frameworks */ = {isa = PBXBuildFile; productRef = A20CE3F72823C343001071E3 /* GetGamesUseCase */; };
		A20CE3FA2823C343001071E3 /* GetGameUseCase in Frameworks */ = {isa = PBXBuildFile; productRef = A20CE3F92823C343001071E3 /* GetGameUseCase */; };
		A2E8871F282187D8001D8FB6 /* AppDelegate.swift in Sources */ = {isa = PBXBuildFile; fileRef = A2E8871E282187D8001D8FB6 /* AppDelegate.swift */; };
		A2E88728282187D9001D8FB6 /* Assets.xcassets in Resources */ = {isa = PBXBuildFile; fileRef = A2E88727282187D9001D8FB6 /* Assets.xcassets */; };
		A2E8872B282187D9001D8FB6 /* LaunchScreen.storyboard in Resources */ = {isa = PBXBuildFile; fileRef = A2E88729282187D9001D8FB6 /* LaunchScreen.storyboard */; };
		A2E88736282187D9001D8FB6 /* MMOGamesFunTests.swift in Sources */ = {isa = PBXBuildFile; fileRef = A2E88735282187D9001D8FB6 /* MMOGamesFunTests.swift */; };
		A2E88740282187D9001D8FB6 /* MMOGamesFunUITests.swift in Sources */ = {isa = PBXBuildFile; fileRef = A2E8873F282187D9001D8FB6 /* MMOGamesFunUITests.swift */; };
		A2E88742282187D9001D8FB6 /* MMOGamesFunUITestsLaunchTests.swift in Sources */ = {isa = PBXBuildFile; fileRef = A2E88741282187D9001D8FB6 /* MMOGamesFunUITestsLaunchTests.swift */; };
		A2E8875128218D46001D8FB6 /* MMOGamesAPI in Resources */ = {isa = PBXBuildFile; fileRef = A2E8875028218D46001D8FB6 /* MMOGamesAPI */; };
		A2E8875728218DF3001D8FB6 /* DIContainer+Injection.swift in Sources */ = {isa = PBXBuildFile; fileRef = A2E8875628218DF3001D8FB6 /* DIContainer+Injection.swift */; };
		A2E8875E2821922D001D8FB6 /* DIContainer in Frameworks */ = {isa = PBXBuildFile; productRef = A2E8875D2821922D001D8FB6 /* DIContainer */; };
		A2E887602821922D001D8FB6 /* MMOGamesAPI in Frameworks */ = {isa = PBXBuildFile; productRef = A2E8875F2821922D001D8FB6 /* MMOGamesAPI */; };
/* End PBXBuildFile section */

/* Begin PBXContainerItemProxy section */
		A2E88732282187D9001D8FB6 /* PBXContainerItemProxy */ = {
			isa = PBXContainerItemProxy;
			containerPortal = A2E88713282187D8001D8FB6 /* Project object */;
			proxyType = 1;
			remoteGlobalIDString = A2E8871A282187D8001D8FB6;
			remoteInfo = MMOGamesFun;
		};
		A2E8873C282187D9001D8FB6 /* PBXContainerItemProxy */ = {
			isa = PBXContainerItemProxy;
			containerPortal = A2E88713282187D8001D8FB6 /* Project object */;
			proxyType = 1;
			remoteGlobalIDString = A2E8871A282187D8001D8FB6;
			remoteInfo = MMOGamesFun;
		};
/* End PBXContainerItemProxy section */

/* Begin PBXFileReference section */
		A20CE3EF2823C241001071E3 /* GamesRepository */ = {isa = PBXFileReference; lastKnownFileType = wrapper; path = GamesRepository; sourceTree = "<group>"; };
		A20CE3F02823C278001071E3 /* GetGameUseCase */ = {isa = PBXFileReference; lastKnownFileType = wrapper; path = GetGameUseCase; sourceTree = "<group>"; };
		A20CE3F12823C29B001071E3 /* GetGamesUseCase */ = {isa = PBXFileReference; lastKnownFileType = wrapper; path = GetGamesUseCase; sourceTree = "<group>"; };
		A20CE3F22823C2B8001071E3 /* GamesListScene */ = {isa = PBXFileReference; lastKnownFileType = wrapper; path = GamesListScene; sourceTree = "<group>"; };
		A21107C02823CDA4009C6852 /* Extensions */ = {isa = PBXFileReference; lastKnownFileType = wrapper; path = Extensions; sourceTree = "<group>"; };
		A2E8871B282187D8001D8FB6 /* MMOGamesFun.app */ = {isa = PBXFileReference; explicitFileType = wrapper.application; includeInIndex = 0; path = MMOGamesFun.app; sourceTree = BUILT_PRODUCTS_DIR; };
		A2E8871E282187D8001D8FB6 /* AppDelegate.swift */ = {isa = PBXFileReference; lastKnownFileType = sourcecode.swift; path = AppDelegate.swift; sourceTree = "<group>"; };
		A2E88727282187D9001D8FB6 /* Assets.xcassets */ = {isa = PBXFileReference; lastKnownFileType = folder.assetcatalog; path = Assets.xcassets; sourceTree = "<group>"; };
		A2E8872A282187D9001D8FB6 /* Base */ = {isa = PBXFileReference; lastKnownFileType = file.storyboard; name = Base; path = Base.lproj/LaunchScreen.storyboard; sourceTree = "<group>"; };
		A2E8872C282187D9001D8FB6 /* Info.plist */ = {isa = PBXFileReference; lastKnownFileType = text.plist.xml; path = Info.plist; sourceTree = "<group>"; };
		A2E88731282187D9001D8FB6 /* MMOGamesFunTests.xctest */ = {isa = PBXFileReference; explicitFileType = wrapper.cfbundle; includeInIndex = 0; path = MMOGamesFunTests.xctest; sourceTree = BUILT_PRODUCTS_DIR; };
		A2E88735282187D9001D8FB6 /* MMOGamesFunTests.swift */ = {isa = PBXFileReference; lastKnownFileType = sourcecode.swift; path = MMOGamesFunTests.swift; sourceTree = "<group>"; };
		A2E8873B282187D9001D8FB6 /* MMOGamesFunUITests.xctest */ = {isa = PBXFileReference; explicitFileType = wrapper.cfbundle; includeInIndex = 0; path = MMOGamesFunUITests.xctest; sourceTree = BUILT_PRODUCTS_DIR; };
		A2E8873F282187D9001D8FB6 /* MMOGamesFunUITests.swift */ = {isa = PBXFileReference; lastKnownFileType = sourcecode.swift; path = MMOGamesFunUITests.swift; sourceTree = "<group>"; };
		A2E88741282187D9001D8FB6 /* MMOGamesFunUITestsLaunchTests.swift */ = {isa = PBXFileReference; lastKnownFileType = sourcecode.swift; path = MMOGamesFunUITestsLaunchTests.swift; sourceTree = "<group>"; };
		A2E8875028218D46001D8FB6 /* MMOGamesAPI */ = {isa = PBXFileReference; lastKnownFileType = wrapper; path = MMOGamesAPI; sourceTree = "<group>"; };
		A2E8875628218DF3001D8FB6 /* DIContainer+Injection.swift */ = {isa = PBXFileReference; lastKnownFileType = sourcecode.swift; path = "DIContainer+Injection.swift"; sourceTree = "<group>"; };
		A2E8875928218EF7001D8FB6 /* DIContainer */ = {isa = PBXFileReference; lastKnownFileType = wrapper; path = DIContainer; sourceTree = "<group>"; };
/* End PBXFileReference section */

/* Begin PBXFrameworksBuildPhase section */
		A2E88718282187D8001D8FB6 /* Frameworks */ = {
			isa = PBXFrameworksBuildPhase;
			buildActionMask = 2147483647;
			files = (
				A20CE3F62823C343001071E3 /* GamesRepository in Frameworks */,
				A20CE3FA2823C343001071E3 /* GetGameUseCase in Frameworks */,
				A2E8875E2821922D001D8FB6 /* DIContainer in Frameworks */,
				A20CE3F82823C343001071E3 /* GetGamesUseCase in Frameworks */,
				A20CE3F42823C343001071E3 /* GamesListScene in Frameworks */,
				A2E887602821922D001D8FB6 /* MMOGamesAPI in Frameworks */,
			);
			runOnlyForDeploymentPostprocessing = 0;
		};
		A2E8872E282187D9001D8FB6 /* Frameworks */ = {
			isa = PBXFrameworksBuildPhase;
			buildActionMask = 2147483647;
			files = (
			);
			runOnlyForDeploymentPostprocessing = 0;
		};
		A2E88738282187D9001D8FB6 /* Frameworks */ = {
			isa = PBXFrameworksBuildPhase;
			buildActionMask = 2147483647;
			files = (
			);
			runOnlyForDeploymentPostprocessing = 0;
		};
/* End PBXFrameworksBuildPhase section */

/* Begin PBXGroup section */
		A20CE3EC2823C1FD001071E3 /* Repositories */ = {
			isa = PBXGroup;
			children = (
				A20CE3EF2823C241001071E3 /* GamesRepository */,
			);
			path = Repositories;
			sourceTree = "<group>";
		};
		A20CE3ED2823C203001071E3 /* UseCases */ = {
			isa = PBXGroup;
			children = (
				A20CE3F12823C29B001071E3 /* GetGamesUseCase */,
				A20CE3F02823C278001071E3 /* GetGameUseCase */,
			);
			path = UseCases;
			sourceTree = "<group>";
		};
		A20CE3EE2823C209001071E3 /* Scenes */ = {
			isa = PBXGroup;
			children = (
				A20CE3F22823C2B8001071E3 /* GamesListScene */,
			);
			path = Scenes;
			sourceTree = "<group>";
		};
		A2E88712282187D8001D8FB6 = {
			isa = PBXGroup;
			children = (
				A2E8871D282187D8001D8FB6 /* MMOGamesFun */,
				A2E88734282187D9001D8FB6 /* MMOGamesFunTests */,
				A2E8873E282187D9001D8FB6 /* MMOGamesFunUITests */,
				A2E8871C282187D8001D8FB6 /* Products */,
				A2E8875A282191AB001D8FB6 /* Frameworks */,
			);
			sourceTree = "<group>";
		};
		A2E8871C282187D8001D8FB6 /* Products */ = {
			isa = PBXGroup;
			children = (
				A2E8871B282187D8001D8FB6 /* MMOGamesFun.app */,
				A2E88731282187D9001D8FB6 /* MMOGamesFunTests.xctest */,
				A2E8873B282187D9001D8FB6 /* MMOGamesFunUITests.xctest */,
			);
			name = Products;
			sourceTree = "<group>";
		};
		A2E8871D282187D8001D8FB6 /* MMOGamesFun */ = {
			isa = PBXGroup;
			children = (
				A2E8875528218DDD001D8FB6 /* DIContainer */,
				A2E8874E28218CB2001D8FB6 /* Packages */,
				A2E8871E282187D8001D8FB6 /* AppDelegate.swift */,
				A2E88727282187D9001D8FB6 /* Assets.xcassets */,
				A2E88729282187D9001D8FB6 /* LaunchScreen.storyboard */,
				A2E8872C282187D9001D8FB6 /* Info.plist */,
			);
			path = MMOGamesFun;
			sourceTree = "<group>";
		};
		A2E88734282187D9001D8FB6 /* MMOGamesFunTests */ = {
			isa = PBXGroup;
			children = (
				A2E88735282187D9001D8FB6 /* MMOGamesFunTests.swift */,
			);
			path = MMOGamesFunTests;
			sourceTree = "<group>";
		};
		A2E8873E282187D9001D8FB6 /* MMOGamesFunUITests */ = {
			isa = PBXGroup;
			children = (
				A2E8873F282187D9001D8FB6 /* MMOGamesFunUITests.swift */,
				A2E88741282187D9001D8FB6 /* MMOGamesFunUITestsLaunchTests.swift */,
			);
			path = MMOGamesFunUITests;
			sourceTree = "<group>";
		};
		A2E8874E28218CB2001D8FB6 /* Packages */ = {
			isa = PBXGroup;
			children = (
				A20CE3EE2823C209001071E3 /* Scenes */,
				A20CE3ED2823C203001071E3 /* UseCases */,
				A20CE3EC2823C1FD001071E3 /* Repositories */,
				A2E8875228218D72001D8FB6 /* Common */,
				A2E8874F28218D46001D8FB6 /* Network */,
			);
			path = Packages;
			sourceTree = "<group>";
		};
		A2E8874F28218D46001D8FB6 /* Network */ = {
			isa = PBXGroup;
			children = (
				A2E8875028218D46001D8FB6 /* MMOGamesAPI */,
			);
			path = Network;
			sourceTree = "<group>";
		};
		A2E8875228218D72001D8FB6 /* Common */ = {
			isa = PBXGroup;
			children = (
				A21107C02823CDA4009C6852 /* Extensions */,
				A2E8875928218EF7001D8FB6 /* DIContainer */,
			);
			path = Common;
			sourceTree = "<group>";
		};
		A2E8875528218DDD001D8FB6 /* DIContainer */ = {
			isa = PBXGroup;
			children = (
				A2E8875628218DF3001D8FB6 /* DIContainer+Injection.swift */,
			);
			path = DIContainer;
			sourceTree = "<group>";
		};
		A2E8875A282191AB001D8FB6 /* Frameworks */ = {
			isa = PBXGroup;
			children = (
			);
			name = Frameworks;
			sourceTree = "<group>";
		};
/* End PBXGroup section */

/* Begin PBXNativeTarget section */
		A2E8871A282187D8001D8FB6 /* MMOGamesFun */ = {
			isa = PBXNativeTarget;
			buildConfigurationList = A2E88745282187D9001D8FB6 /* Build configuration list for PBXNativeTarget "MMOGamesFun" */;
			buildPhases = (
				A2E88717282187D8001D8FB6 /* Sources */,
				A2E88718282187D8001D8FB6 /* Frameworks */,
				A2E88719282187D8001D8FB6 /* Resources */,
			);
			buildRules = (
			);
			dependencies = (
			);
			name = MMOGamesFun;
			packageProductDependencies = (
				A2E8875D2821922D001D8FB6 /* DIContainer */,
				A2E8875F2821922D001D8FB6 /* MMOGamesAPI */,
				A20CE3F32823C343001071E3 /* GamesListScene */,
				A20CE3F52823C343001071E3 /* GamesRepository */,
				A20CE3F72823C343001071E3 /* GetGamesUseCase */,
				A20CE3F92823C343001071E3 /* GetGameUseCase */,
			);
			productName = MMOGamesFun;
			productReference = A2E8871B282187D8001D8FB6 /* MMOGamesFun.app */;
			productType = "com.apple.product-type.application";
		};
		A2E88730282187D9001D8FB6 /* MMOGamesFunTests */ = {
			isa = PBXNativeTarget;
			buildConfigurationList = A2E88748282187D9001D8FB6 /* Build configuration list for PBXNativeTarget "MMOGamesFunTests" */;
			buildPhases = (
				A2E8872D282187D9001D8FB6 /* Sources */,
				A2E8872E282187D9001D8FB6 /* Frameworks */,
				A2E8872F282187D9001D8FB6 /* Resources */,
			);
			buildRules = (
			);
			dependencies = (
				A2E88733282187D9001D8FB6 /* PBXTargetDependency */,
			);
			name = MMOGamesFunTests;
			productName = MMOGamesFunTests;
			productReference = A2E88731282187D9001D8FB6 /* MMOGamesFunTests.xctest */;
			productType = "com.apple.product-type.bundle.unit-test";
		};
		A2E8873A282187D9001D8FB6 /* MMOGamesFunUITests */ = {
			isa = PBXNativeTarget;
			buildConfigurationList = A2E8874B282187D9001D8FB6 /* Build configuration list for PBXNativeTarget "MMOGamesFunUITests" */;
			buildPhases = (
				A2E88737282187D9001D8FB6 /* Sources */,
				A2E88738282187D9001D8FB6 /* Frameworks */,
				A2E88739282187D9001D8FB6 /* Resources */,
			);
			buildRules = (
			);
			dependencies = (
				A2E8873D282187D9001D8FB6 /* PBXTargetDependency */,
			);
			name = MMOGamesFunUITests;
			productName = MMOGamesFunUITests;
			productReference = A2E8873B282187D9001D8FB6 /* MMOGamesFunUITests.xctest */;
			productType = "com.apple.product-type.bundle.ui-testing";
		};
/* End PBXNativeTarget section */

/* Begin PBXProject section */
		A2E88713282187D8001D8FB6 /* Project object */ = {
			isa = PBXProject;
			attributes = {
				BuildIndependentTargetsInParallel = 1;
				LastSwiftUpdateCheck = 1330;
				LastUpgradeCheck = 1330;
				TargetAttributes = {
					A2E8871A282187D8001D8FB6 = {
						CreatedOnToolsVersion = 13.3;
					};
					A2E88730282187D9001D8FB6 = {
						CreatedOnToolsVersion = 13.3;
						TestTargetID = A2E8871A282187D8001D8FB6;
					};
					A2E8873A282187D9001D8FB6 = {
						CreatedOnToolsVersion = 13.3;
						TestTargetID = A2E8871A282187D8001D8FB6;
					};
				};
			};
			buildConfigurationList = A2E88716282187D8001D8FB6 /* Build configuration list for PBXProject "MMOGamesFun" */;
			compatibilityVersion = "Xcode 13.0";
			developmentRegion = en;
			hasScannedForEncodings = 0;
			knownRegions = (
				en,
				Base,
			);
			mainGroup = A2E88712282187D8001D8FB6;
			productRefGroup = A2E8871C282187D8001D8FB6 /* Products */;
			projectDirPath = "";
			projectRoot = "";
			targets = (
				A2E8871A282187D8001D8FB6 /* MMOGamesFun */,
				A2E88730282187D9001D8FB6 /* MMOGamesFunTests */,
				A2E8873A282187D9001D8FB6 /* MMOGamesFunUITests */,
			);
		};
/* End PBXProject section */

/* Begin PBXResourcesBuildPhase section */
		A2E88719282187D8001D8FB6 /* Resources */ = {
			isa = PBXResourcesBuildPhase;
			buildActionMask = 2147483647;
			files = (
				A2E8872B282187D9001D8FB6 /* LaunchScreen.storyboard in Resources */,
				A2E8875128218D46001D8FB6 /* MMOGamesAPI in Resources */,
				A2E88728282187D9001D8FB6 /* Assets.xcassets in Resources */,
			);
			runOnlyForDeploymentPostprocessing = 0;
		};
		A2E8872F282187D9001D8FB6 /* Resources */ = {
			isa = PBXResourcesBuildPhase;
			buildActionMask = 2147483647;
			files = (
			);
			runOnlyForDeploymentPostprocessing = 0;
		};
		A2E88739282187D9001D8FB6 /* Resources */ = {
			isa = PBXResourcesBuildPhase;
			buildActionMask = 2147483647;
			files = (
			);
			runOnlyForDeploymentPostprocessing = 0;
		};
/* End PBXResourcesBuildPhase section */

/* Begin PBXSourcesBuildPhase section */
		A2E88717282187D8001D8FB6 /* Sources */ = {
			isa = PBXSourcesBuildPhase;
			buildActionMask = 2147483647;
			files = (
				A2E8871F282187D8001D8FB6 /* AppDelegate.swift in Sources */,
				A2E8875728218DF3001D8FB6 /* DIContainer+Injection.swift in Sources */,
			);
			runOnlyForDeploymentPostprocessing = 0;
		};
		A2E8872D282187D9001D8FB6 /* Sources */ = {
			isa = PBXSourcesBuildPhase;
			buildActionMask = 2147483647;
			files = (
				A2E88736282187D9001D8FB6 /* MMOGamesFunTests.swift in Sources */,
			);
			runOnlyForDeploymentPostprocessing = 0;
		};
		A2E88737282187D9001D8FB6 /* Sources */ = {
			isa = PBXSourcesBuildPhase;
			buildActionMask = 2147483647;
			files = (
				A2E88742282187D9001D8FB6 /* MMOGamesFunUITestsLaunchTests.swift in Sources */,
				A2E88740282187D9001D8FB6 /* MMOGamesFunUITests.swift in Sources */,
			);
			runOnlyForDeploymentPostprocessing = 0;
		};
/* End PBXSourcesBuildPhase section */

/* Begin PBXTargetDependency section */
		A2E88733282187D9001D8FB6 /* PBXTargetDependency */ = {
			isa = PBXTargetDependency;
			target = A2E8871A282187D8001D8FB6 /* MMOGamesFun */;
			targetProxy = A2E88732282187D9001D8FB6 /* PBXContainerItemProxy */;
		};
		A2E8873D282187D9001D8FB6 /* PBXTargetDependency */ = {
			isa = PBXTargetDependency;
			target = A2E8871A282187D8001D8FB6 /* MMOGamesFun */;
			targetProxy = A2E8873C282187D9001D8FB6 /* PBXContainerItemProxy */;
		};
/* End PBXTargetDependency section */

/* Begin PBXVariantGroup section */
		A2E88729282187D9001D8FB6 /* LaunchScreen.storyboard */ = {
			isa = PBXVariantGroup;
			children = (
				A2E8872A282187D9001D8FB6 /* Base */,
			);
			name = LaunchScreen.storyboard;
			sourceTree = "<group>";
		};
/* End PBXVariantGroup section */

/* Begin XCBuildConfiguration section */
		A2E88743282187D9001D8FB6 /* Debug */ = {
			isa = XCBuildConfiguration;
			buildSettings = {
				ALWAYS_SEARCH_USER_PATHS = NO;
				CLANG_ANALYZER_NONNULL = YES;
				CLANG_ANALYZER_NUMBER_OBJECT_CONVERSION = YES_AGGRESSIVE;
				CLANG_CXX_LANGUAGE_STANDARD = "gnu++17";
				CLANG_ENABLE_MODULES = YES;
				CLANG_ENABLE_OBJC_ARC = YES;
				CLANG_ENABLE_OBJC_WEAK = YES;
				CLANG_WARN_BLOCK_CAPTURE_AUTORELEASING = YES;
				CLANG_WARN_BOOL_CONVERSION = YES;
				CLANG_WARN_COMMA = YES;
				CLANG_WARN_CONSTANT_CONVERSION = YES;
				CLANG_WARN_DEPRECATED_OBJC_IMPLEMENTATIONS = YES;
				CLANG_WARN_DIRECT_OBJC_ISA_USAGE = YES_ERROR;
				CLANG_WARN_DOCUMENTATION_COMMENTS = YES;
				CLANG_WARN_EMPTY_BODY = YES;
				CLANG_WARN_ENUM_CONVERSION = YES;
				CLANG_WARN_INFINITE_RECURSION = YES;
				CLANG_WARN_INT_CONVERSION = YES;
				CLANG_WARN_NON_LITERAL_NULL_CONVERSION = YES;
				CLANG_WARN_OBJC_IMPLICIT_RETAIN_SELF = YES;
				CLANG_WARN_OBJC_LITERAL_CONVERSION = YES;
				CLANG_WARN_OBJC_ROOT_CLASS = YES_ERROR;
				CLANG_WARN_QUOTED_INCLUDE_IN_FRAMEWORK_HEADER = YES;
				CLANG_WARN_RANGE_LOOP_ANALYSIS = YES;
				CLANG_WARN_STRICT_PROTOTYPES = YES;
				CLANG_WARN_SUSPICIOUS_MOVE = YES;
				CLANG_WARN_UNGUARDED_AVAILABILITY = YES_AGGRESSIVE;
				CLANG_WARN_UNREACHABLE_CODE = YES;
				CLANG_WARN__DUPLICATE_METHOD_MATCH = YES;
				COPY_PHASE_STRIP = NO;
				DEBUG_INFORMATION_FORMAT = dwarf;
				ENABLE_STRICT_OBJC_MSGSEND = YES;
				ENABLE_TESTABILITY = YES;
				GCC_C_LANGUAGE_STANDARD = gnu11;
				GCC_DYNAMIC_NO_PIC = NO;
				GCC_NO_COMMON_BLOCKS = YES;
				GCC_OPTIMIZATION_LEVEL = 0;
				GCC_PREPROCESSOR_DEFINITIONS = (
					"DEBUG=1",
					"$(inherited)",
				);
				GCC_WARN_64_TO_32_BIT_CONVERSION = YES;
				GCC_WARN_ABOUT_RETURN_TYPE = YES_ERROR;
				GCC_WARN_UNDECLARED_SELECTOR = YES;
				GCC_WARN_UNINITIALIZED_AUTOS = YES_AGGRESSIVE;
				GCC_WARN_UNUSED_FUNCTION = YES;
				GCC_WARN_UNUSED_VARIABLE = YES;
				IPHONEOS_DEPLOYMENT_TARGET = 15.4;
				MTL_ENABLE_DEBUG_INFO = INCLUDE_SOURCE;
				MTL_FAST_MATH = YES;
				ONLY_ACTIVE_ARCH = YES;
				SDKROOT = iphoneos;
				SWIFT_ACTIVE_COMPILATION_CONDITIONS = DEBUG;
				SWIFT_OPTIMIZATION_LEVEL = "-Onone";
			};
			name = Debug;
		};
		A2E88744282187D9001D8FB6 /* Release */ = {
			isa = XCBuildConfiguration;
			buildSettings = {
				ALWAYS_SEARCH_USER_PATHS = NO;
				CLANG_ANALYZER_NONNULL = YES;
				CLANG_ANALYZER_NUMBER_OBJECT_CONVERSION = YES_AGGRESSIVE;
				CLANG_CXX_LANGUAGE_STANDARD = "gnu++17";
				CLANG_ENABLE_MODULES = YES;
				CLANG_ENABLE_OBJC_ARC = YES;
				CLANG_ENABLE_OBJC_WEAK = YES;
				CLANG_WARN_BLOCK_CAPTURE_AUTORELEASING = YES;
				CLANG_WARN_BOOL_CONVERSION = YES;
				CLANG_WARN_COMMA = YES;
				CLANG_WARN_CONSTANT_CONVERSION = YES;
				CLANG_WARN_DEPRECATED_OBJC_IMPLEMENTATIONS = YES;
				CLANG_WARN_DIRECT_OBJC_ISA_USAGE = YES_ERROR;
				CLANG_WARN_DOCUMENTATION_COMMENTS = YES;
				CLANG_WARN_EMPTY_BODY = YES;
				CLANG_WARN_ENUM_CONVERSION = YES;
				CLANG_WARN_INFINITE_RECURSION = YES;
				CLANG_WARN_INT_CONVERSION = YES;
				CLANG_WARN_NON_LITERAL_NULL_CONVERSION = YES;
				CLANG_WARN_OBJC_IMPLICIT_RETAIN_SELF = YES;
				CLANG_WARN_OBJC_LITERAL_CONVERSION = YES;
				CLANG_WARN_OBJC_ROOT_CLASS = YES_ERROR;
				CLANG_WARN_QUOTED_INCLUDE_IN_FRAMEWORK_HEADER = YES;
				CLANG_WARN_RANGE_LOOP_ANALYSIS = YES;
				CLANG_WARN_STRICT_PROTOTYPES = YES;
				CLANG_WARN_SUSPICIOUS_MOVE = YES;
				CLANG_WARN_UNGUARDED_AVAILABILITY = YES_AGGRESSIVE;
				CLANG_WARN_UNREACHABLE_CODE = YES;
				CLANG_WARN__DUPLICATE_METHOD_MATCH = YES;
				COPY_PHASE_STRIP = NO;
				DEBUG_INFORMATION_FORMAT = "dwarf-with-dsym";
				ENABLE_NS_ASSERTIONS = NO;
				ENABLE_STRICT_OBJC_MSGSEND = YES;
				GCC_C_LANGUAGE_STANDARD = gnu11;
				GCC_NO_COMMON_BLOCKS = YES;
				GCC_WARN_64_TO_32_BIT_CONVERSION = YES;
				GCC_WARN_ABOUT_RETURN_TYPE = YES_ERROR;
				GCC_WARN_UNDECLARED_SELECTOR = YES;
				GCC_WARN_UNINITIALIZED_AUTOS = YES_AGGRESSIVE;
				GCC_WARN_UNUSED_FUNCTION = YES;
				GCC_WARN_UNUSED_VARIABLE = YES;
				IPHONEOS_DEPLOYMENT_TARGET = 15.4;
				MTL_ENABLE_DEBUG_INFO = NO;
				MTL_FAST_MATH = YES;
				SDKROOT = iphoneos;
				SWIFT_COMPILATION_MODE = wholemodule;
				SWIFT_OPTIMIZATION_LEVEL = "-O";
				VALIDATE_PRODUCT = YES;
			};
			name = Release;
		};
		A2E88746282187D9001D8FB6 /* Debug */ = {
			isa = XCBuildConfiguration;
			buildSettings = {
				ASSETCATALOG_COMPILER_APPICON_NAME = AppIcon;
				ASSETCATALOG_COMPILER_GLOBAL_ACCENT_COLOR_NAME = AccentColor;
				CODE_SIGN_STYLE = Automatic;
				CURRENT_PROJECT_VERSION = 1;
				DEVELOPMENT_TEAM = 2NLEQZCTKJ;
				GENERATE_INFOPLIST_FILE = YES;
				INFOPLIST_FILE = MMOGamesFun/Info.plist;
				INFOPLIST_KEY_UIApplicationSupportsIndirectInputEvents = YES;
				INFOPLIST_KEY_UILaunchStoryboardName = LaunchScreen;
				INFOPLIST_KEY_UISupportedInterfaceOrientations_iPad = "UIInterfaceOrientationPortrait UIInterfaceOrientationPortraitUpsideDown UIInterfaceOrientationLandscapeLeft UIInterfaceOrientationLandscapeRight";
				INFOPLIST_KEY_UISupportedInterfaceOrientations_iPhone = "UIInterfaceOrientationPortrait UIInterfaceOrientationLandscapeLeft UIInterfaceOrientationLandscapeRight";
				LD_RUNPATH_SEARCH_PATHS = (
					"$(inherited)",
					"@executable_path/Frameworks",
				);
				MARKETING_VERSION = 1.0;
				PRODUCT_BUNDLE_IDENTIFIER = com.ailleron.livebank.MMOGamesFun;
				PRODUCT_NAME = "$(TARGET_NAME)";
				SWIFT_EMIT_LOC_STRINGS = YES;
				SWIFT_VERSION = 5.0;
				TARGETED_DEVICE_FAMILY = "1,2";
			};
			name = Debug;
		};
		A2E88747282187D9001D8FB6 /* Release */ = {
			isa = XCBuildConfiguration;
			buildSettings = {
				ASSETCATALOG_COMPILER_APPICON_NAME = AppIcon;
				ASSETCATALOG_COMPILER_GLOBAL_ACCENT_COLOR_NAME = AccentColor;
				CODE_SIGN_STYLE = Automatic;
				CURRENT_PROJECT_VERSION = 1;
				DEVELOPMENT_TEAM = 2NLEQZCTKJ;
				GENERATE_INFOPLIST_FILE = YES;
				INFOPLIST_FILE = MMOGamesFun/Info.plist;
				INFOPLIST_KEY_UIApplicationSupportsIndirectInputEvents = YES;
				INFOPLIST_KEY_UILaunchStoryboardName = LaunchScreen;
				INFOPLIST_KEY_UISupportedInterfaceOrientations_iPad = "UIInterfaceOrientationPortrait UIInterfaceOrientationPortraitUpsideDown UIInterfaceOrientationLandscapeLeft UIInterfaceOrientationLandscapeRight";
				INFOPLIST_KEY_UISupportedInterfaceOrientations_iPhone = "UIInterfaceOrientationPortrait UIInterfaceOrientationLandscapeLeft UIInterfaceOrientationLandscapeRight";
				LD_RUNPATH_SEARCH_PATHS = (
					"$(inherited)",
					"@executable_path/Frameworks",
				);
				MARKETING_VERSION = 1.0;
				PRODUCT_BUNDLE_IDENTIFIER = com.ailleron.livebank.MMOGamesFun;
				PRODUCT_NAME = "$(TARGET_NAME)";
				SWIFT_EMIT_LOC_STRINGS = YES;
				SWIFT_VERSION = 5.0;
				TARGETED_DEVICE_FAMILY = "1,2";
			};
			name = Release;
		};
		A2E88749282187D9001D8FB6 /* Debug */ = {
			isa = XCBuildConfiguration;
			buildSettings = {
				ALWAYS_EMBED_SWIFT_STANDARD_LIBRARIES = YES;
				BUNDLE_LOADER = "$(TEST_HOST)";
				CODE_SIGN_STYLE = Automatic;
				CURRENT_PROJECT_VERSION = 1;
				DEVELOPMENT_TEAM = 2NLEQZCTKJ;
				GENERATE_INFOPLIST_FILE = YES;
				IPHONEOS_DEPLOYMENT_TARGET = 15.4;
				MARKETING_VERSION = 1.0;
				PRODUCT_BUNDLE_IDENTIFIER = com.ailleron.livebank.MMOGamesFunTests;
				PRODUCT_NAME = "$(TARGET_NAME)";
				SWIFT_EMIT_LOC_STRINGS = NO;
				SWIFT_VERSION = 5.0;
				TARGETED_DEVICE_FAMILY = "1,2";
				TEST_HOST = "$(BUILT_PRODUCTS_DIR)/MMOGamesFun.app/MMOGamesFun";
			};
			name = Debug;
		};
		A2E8874A282187D9001D8FB6 /* Release */ = {
			isa = XCBuildConfiguration;
			buildSettings = {
				ALWAYS_EMBED_SWIFT_STANDARD_LIBRARIES = YES;
				BUNDLE_LOADER = "$(TEST_HOST)";
				CODE_SIGN_STYLE = Automatic;
				CURRENT_PROJECT_VERSION = 1;
				DEVELOPMENT_TEAM = 2NLEQZCTKJ;
				GENERATE_INFOPLIST_FILE = YES;
				IPHONEOS_DEPLOYMENT_TARGET = 15.4;
				MARKETING_VERSION = 1.0;
				PRODUCT_BUNDLE_IDENTIFIER = com.ailleron.livebank.MMOGamesFunTests;
				PRODUCT_NAME = "$(TARGET_NAME)";
				SWIFT_EMIT_LOC_STRINGS = NO;
				SWIFT_VERSION = 5.0;
				TARGETED_DEVICE_FAMILY = "1,2";
				TEST_HOST = "$(BUILT_PRODUCTS_DIR)/MMOGamesFun.app/MMOGamesFun";
			};
			name = Release;
		};
		A2E8874C282187D9001D8FB6 /* Debug */ = {
			isa = XCBuildConfiguration;
			buildSettings = {
				ALWAYS_EMBED_SWIFT_STANDARD_LIBRARIES = YES;
				CODE_SIGN_STYLE = Automatic;
				CURRENT_PROJECT_VERSION = 1;
				DEVELOPMENT_TEAM = 2NLEQZCTKJ;
				GENERATE_INFOPLIST_FILE = YES;
				MARKETING_VERSION = 1.0;
				PRODUCT_BUNDLE_IDENTIFIER = com.ailleron.livebank.MMOGamesFunUITests;
				PRODUCT_NAME = "$(TARGET_NAME)";
				SWIFT_EMIT_LOC_STRINGS = NO;
				SWIFT_VERSION = 5.0;
				TARGETED_DEVICE_FAMILY = "1,2";
				TEST_TARGET_NAME = MMOGamesFun;
			};
			name = Debug;
		};
		A2E8874D282187D9001D8FB6 /* Release */ = {
			isa = XCBuildConfiguration;
			buildSettings = {
				ALWAYS_EMBED_SWIFT_STANDARD_LIBRARIES = YES;
				CODE_SIGN_STYLE = Automatic;
				CURRENT_PROJECT_VERSION = 1;
				DEVELOPMENT_TEAM = 2NLEQZCTKJ;
				GENERATE_INFOPLIST_FILE = YES;
				MARKETING_VERSION = 1.0;
				PRODUCT_BUNDLE_IDENTIFIER = com.ailleron.livebank.MMOGamesFunUITests;
				PRODUCT_NAME = "$(TARGET_NAME)";
				SWIFT_EMIT_LOC_STRINGS = NO;
				SWIFT_VERSION = 5.0;
				TARGETED_DEVICE_FAMILY = "1,2";
				TEST_TARGET_NAME = MMOGamesFun;
			};
			name = Release;
		};
/* End XCBuildConfiguration section */

/* Begin XCConfigurationList section */
		A2E88716282187D8001D8FB6 /* Build configuration list for PBXProject "MMOGamesFun" */ = {
			isa = XCConfigurationList;
			buildConfigurations = (
				A2E88743282187D9001D8FB6 /* Debug */,
				A2E88744282187D9001D8FB6 /* Release */,
			);
			defaultConfigurationIsVisible = 0;
			defaultConfigurationName = Release;
		};
		A2E88745282187D9001D8FB6 /* Build configuration list for PBXNativeTarget "MMOGamesFun" */ = {
			isa = XCConfigurationList;
			buildConfigurations = (
				A2E88746282187D9001D8FB6 /* Debug */,
				A2E88747282187D9001D8FB6 /* Release */,
			);
			defaultConfigurationIsVisible = 0;
			defaultConfigurationName = Release;
		};
		A2E88748282187D9001D8FB6 /* Build configuration list for PBXNativeTarget "MMOGamesFunTests" */ = {
			isa = XCConfigurationList;
			buildConfigurations = (
				A2E88749282187D9001D8FB6 /* Debug */,
				A2E8874A282187D9001D8FB6 /* Release */,
			);
			defaultConfigurationIsVisible = 0;
			defaultConfigurationName = Release;
		};
		A2E8874B282187D9001D8FB6 /* Build configuration list for PBXNativeTarget "MMOGamesFunUITests" */ = {
			isa = XCConfigurationList;
			buildConfigurations = (
				A2E8874C282187D9001D8FB6 /* Debug */,
				A2E8874D282187D9001D8FB6 /* Release */,
			);
			defaultConfigurationIsVisible = 0;
			defaultConfigurationName = Release;
		};
/* End XCConfigurationList section */

/* Begin XCSwiftPackageProductDependency section */
		A20CE3F32823C343001071E3 /* GamesListScene */ = {
			isa = XCSwiftPackageProductDependency;
			productName = GamesListScene;
		};
		A20CE3F52823C343001071E3 /* GamesRepository */ = {
			isa = XCSwiftPackageProductDependency;
			productName = GamesRepository;
		};
		A20CE3F72823C343001071E3 /* GetGamesUseCase */ = {
			isa = XCSwiftPackageProductDependency;
			productName = GetGamesUseCase;
		};
		A20CE3F92823C343001071E3 /* GetGameUseCase */ = {
			isa = XCSwiftPackageProductDependency;
			productName = GetGameUseCase;
		};
		A2E8875D2821922D001D8FB6 /* DIContainer */ = {
			isa = XCSwiftPackageProductDependency;
			productName = DIContainer;
		};
		A2E8875F2821922D001D8FB6 /* MMOGamesAPI */ = {
			isa = XCSwiftPackageProductDependency;
			productName = MMOGamesAPI;
		};
/* End XCSwiftPackageProductDependency section */
	};
	rootObject = A2E88713282187D8001D8FB6 /* Project object */;
}
